// !$*UTF8*$!
{
	archiveVersion = 1;
	classes = {
	};
	objectVersion = 46;
	objects = {

/* Begin PBXBuildFile section */
		F62A06B81AEC9D610042BC57 /* main.m in Sources */ = {isa = PBXBuildFile; fileRef = F62A06B71AEC9D610042BC57 /* main.m */; };
		F62A06BB1AEC9D610042BC57 /* AppDelegate.m in Sources */ = {isa = PBXBuildFile; fileRef = F62A06BA1AEC9D610042BC57 /* AppDelegate.m */; };
		F62A06BE1AEC9D610042BC57 /* Drpster.xcdatamodeld in Sources */ = {isa = PBXBuildFile; fileRef = F62A06BC1AEC9D610042BC57 /* Drpster.xcdatamodeld */; };
		F62A06C11AEC9D610042BC57 /* ViewController.m in Sources */ = {isa = PBXBuildFile; fileRef = F62A06C01AEC9D610042BC57 /* ViewController.m */; };
		F62A06C41AEC9D610042BC57 /* Main.storyboard in Resources */ = {isa = PBXBuildFile; fileRef = F62A06C21AEC9D610042BC57 /* Main.storyboard */; };
		F62A06C61AEC9D610042BC57 /* Images.xcassets in Resources */ = {isa = PBXBuildFile; fileRef = F62A06C51AEC9D610042BC57 /* Images.xcassets */; };
		F62A06C91AEC9D610042BC57 /* LaunchScreen.xib in Resources */ = {isa = PBXBuildFile; fileRef = F62A06C71AEC9D610042BC57 /* LaunchScreen.xib */; };
		F62A06D51AEC9D610042BC57 /* DrpsterTests.m in Sources */ = {isa = PBXBuildFile; fileRef = F62A06D41AEC9D610042BC57 /* DrpsterTests.m */; };
		F62A06E31AEC9E2A0042BC57 /* Foundation.framework in Frameworks */ = {isa = PBXBuildFile; fileRef = F62A06E21AEC9E2A0042BC57 /* Foundation.framework */; };
		F62A06E51AEC9E310042BC57 /* CoreGraphics.framework in Frameworks */ = {isa = PBXBuildFile; fileRef = F62A06E41AEC9E310042BC57 /* CoreGraphics.framework */; };
		F62A06E71AEC9E370042BC57 /* UIKit.framework in Frameworks */ = {isa = PBXBuildFile; fileRef = F62A06E61AEC9E370042BC57 /* UIKit.framework */; };
		F62A06F31AED84A80042BC57 /* AVFoundation.framework in Frameworks */ = {isa = PBXBuildFile; fileRef = F62A06F21AED84A80042BC57 /* AVFoundation.framework */; };
		F64B88711AEDD87900BF87AB /* AVCaptureManager.m in Sources */ = {isa = PBXBuildFile; fileRef = F64B88701AEDD87900BF87AB /* AVCaptureManager.m */; };
		F64B88761AEDD88400BF87AB /* SVProgressHUD.bundle in Resources */ = {isa = PBXBuildFile; fileRef = F64B88731AEDD88400BF87AB /* SVProgressHUD.bundle */; };
		F64B88771AEDD88400BF87AB /* SVProgressHUD.m in Sources */ = {isa = PBXBuildFile; fileRef = F64B88751AEDD88400BF87AB /* SVProgressHUD.m */; };
		F68D8DE01AF315A700FFCFE5 /* MediaPlayer.framework in Frameworks */ = {isa = PBXBuildFile; fileRef = F68D8DDF1AF315A700FFCFE5 /* MediaPlayer.framework */; };
/* End PBXBuildFile section */

/* Begin PBXContainerItemProxy section */
		F62A06CF1AEC9D610042BC57 /* PBXContainerItemProxy */ = {
			isa = PBXContainerItemProxy;
			containerPortal = F62A06AA1AEC9D610042BC57 /* Project object */;
			proxyType = 1;
			remoteGlobalIDString = F62A06B11AEC9D610042BC57;
			remoteInfo = Drpster;
		};
/* End PBXContainerItemProxy section */

/* Begin PBXFileReference section */
		F62A06B21AEC9D610042BC57 /* Drpster.app */ = {isa = PBXFileReference; explicitFileType = wrapper.application; includeInIndex = 0; path = Drpster.app; sourceTree = BUILT_PRODUCTS_DIR; };
		F62A06B61AEC9D610042BC57 /* Info.plist */ = {isa = PBXFileReference; lastKnownFileType = text.plist.xml; path = Info.plist; sourceTree = "<group>"; };
		F62A06B71AEC9D610042BC57 /* main.m */ = {isa = PBXFileReference; lastKnownFileType = sourcecode.c.objc; path = main.m; sourceTree = "<group>"; };
		F62A06B91AEC9D610042BC57 /* AppDelegate.h */ = {isa = PBXFileReference; lastKnownFileType = sourcecode.c.h; path = AppDelegate.h; sourceTree = "<group>"; };
		F62A06BA1AEC9D610042BC57 /* AppDelegate.m */ = {isa = PBXFileReference; lastKnownFileType = sourcecode.c.objc; path = AppDelegate.m; sourceTree = "<group>"; };
		F62A06BD1AEC9D610042BC57 /* Drpster.xcdatamodel */ = {isa = PBXFileReference; lastKnownFileType = wrapper.xcdatamodel; path = Drpster.xcdatamodel; sourceTree = "<group>"; };
		F62A06BF1AEC9D610042BC57 /* ViewController.h */ = {isa = PBXFileReference; lastKnownFileType = sourcecode.c.h; path = ViewController.h; sourceTree = "<group>"; };
		F62A06C01AEC9D610042BC57 /* ViewController.m */ = {isa = PBXFileReference; lastKnownFileType = sourcecode.c.objc; path = ViewController.m; sourceTree = "<group>"; };
		F62A06C31AEC9D610042BC57 /* Base */ = {isa = PBXFileReference; lastKnownFileType = file.storyboard; name = Base; path = Base.lproj/Main.storyboard; sourceTree = "<group>"; };
		F62A06C51AEC9D610042BC57 /* Images.xcassets */ = {isa = PBXFileReference; lastKnownFileType = folder.assetcatalog; path = Images.xcassets; sourceTree = "<group>"; };
		F62A06C81AEC9D610042BC57 /* Base */ = {isa = PBXFileReference; lastKnownFileType = file.xib; name = Base; path = Base.lproj/LaunchScreen.xib; sourceTree = "<group>"; };
		F62A06CE1AEC9D610042BC57 /* DrpsterTests.xctest */ = {isa = PBXFileReference; explicitFileType = wrapper.cfbundle; includeInIndex = 0; path = DrpsterTests.xctest; sourceTree = BUILT_PRODUCTS_DIR; };
		F62A06D31AEC9D610042BC57 /* Info.plist */ = {isa = PBXFileReference; lastKnownFileType = text.plist.xml; path = Info.plist; sourceTree = "<group>"; };
		F62A06D41AEC9D610042BC57 /* DrpsterTests.m */ = {isa = PBXFileReference; lastKnownFileType = sourcecode.c.objc; path = DrpsterTests.m; sourceTree = "<group>"; };
		F62A06E21AEC9E2A0042BC57 /* Foundation.framework */ = {isa = PBXFileReference; lastKnownFileType = wrapper.framework; name = Foundation.framework; path = System/Library/Frameworks/Foundation.framework; sourceTree = SDKROOT; };
		F62A06E41AEC9E310042BC57 /* CoreGraphics.framework */ = {isa = PBXFileReference; lastKnownFileType = wrapper.framework; name = CoreGraphics.framework; path = System/Library/Frameworks/CoreGraphics.framework; sourceTree = SDKROOT; };
		F62A06E61AEC9E370042BC57 /* UIKit.framework */ = {isa = PBXFileReference; lastKnownFileType = wrapper.framework; name = UIKit.framework; path = System/Library/Frameworks/UIKit.framework; sourceTree = SDKROOT; };
		F62A06F21AED84A80042BC57 /* AVFoundation.framework */ = {isa = PBXFileReference; lastKnownFileType = wrapper.framework; name = AVFoundation.framework; path = System/Library/Frameworks/AVFoundation.framework; sourceTree = SDKROOT; };
		F64B886F1AEDD87900BF87AB /* AVCaptureManager.h */ = {isa = PBXFileReference; fileEncoding = 4; lastKnownFileType = sourcecode.c.h; name = AVCaptureManager.h; path = "../../../Downloads/SlowMotionVideoRecorder-master 6/AVCaptureManager/AVCaptureManager.h"; sourceTree = "<group>"; };
		F64B88701AEDD87900BF87AB /* AVCaptureManager.m */ = {isa = PBXFileReference; fileEncoding = 4; lastKnownFileType = sourcecode.c.objc; name = AVCaptureManager.m; path = "../../../Downloads/SlowMotionVideoRecorder-master 6/AVCaptureManager/AVCaptureManager.m"; sourceTree = "<group>"; };
		F64B88721AEDD88400BF87AB /* SVProgressHUD-Prefix.pch */ = {isa = PBXFileReference; fileEncoding = 4; lastKnownFileType = sourcecode.c.h; name = "SVProgressHUD-Prefix.pch"; path = "../../../Downloads/SlowMotionVideoRecorder-master 6/vendor/SVProgressHUD/SVProgressHUD-Prefix.pch"; sourceTree = "<group>"; };
		F64B88731AEDD88400BF87AB /* SVProgressHUD.bundle */ = {isa = PBXFileReference; lastKnownFileType = "wrapper.plug-in"; name = SVProgressHUD.bundle; path = "../../../Downloads/SlowMotionVideoRecorder-master 6/vendor/SVProgressHUD/SVProgressHUD.bundle"; sourceTree = "<group>"; };
		F64B88741AEDD88400BF87AB /* SVProgressHUD.h */ = {isa = PBXFileReference; fileEncoding = 4; lastKnownFileType = sourcecode.c.h; name = SVProgressHUD.h; path = "../../../Downloads/SlowMotionVideoRecorder-master 6/vendor/SVProgressHUD/SVProgressHUD.h"; sourceTree = "<group>"; };
		F64B88751AEDD88400BF87AB /* SVProgressHUD.m */ = {isa = PBXFileReference; fileEncoding = 4; lastKnownFileType = sourcecode.c.objc; name = SVProgressHUD.m; path = "../../../Downloads/SlowMotionVideoRecorder-master 6/vendor/SVProgressHUD/SVProgressHUD.m"; sourceTree = "<group>"; };
		F68D8DDF1AF315A700FFCFE5 /* MediaPlayer.framework */ = {isa = PBXFileReference; lastKnownFileType = wrapper.framework; name = MediaPlayer.framework; path = System/Library/Frameworks/MediaPlayer.framework; sourceTree = SDKROOT; };
/* End PBXFileReference section */

/* Begin PBXFrameworksBuildPhase section */
		F62A06AF1AEC9D610042BC57 /* Frameworks */ = {
			isa = PBXFrameworksBuildPhase;
			buildActionMask = 2147483647;
			files = (
				F68D8DE01AF315A700FFCFE5 /* MediaPlayer.framework in Frameworks */,
				F62A06F31AED84A80042BC57 /* AVFoundation.framework in Frameworks */,
				F62A06E71AEC9E370042BC57 /* UIKit.framework in Frameworks */,
				F62A06E51AEC9E310042BC57 /* CoreGraphics.framework in Frameworks */,
				F62A06E31AEC9E2A0042BC57 /* Foundation.framework in Frameworks */,
			);
			runOnlyForDeploymentPostprocessing = 0;
		};
		F62A06CB1AEC9D610042BC57 /* Frameworks */ = {
			isa = PBXFrameworksBuildPhase;
			buildActionMask = 2147483647;
			files = (
			);
			runOnlyForDeploymentPostprocessing = 0;
		};
/* End PBXFrameworksBuildPhase section */

/* Begin PBXGroup section */
		F62A06A91AEC9D610042BC57 = {
			isa = PBXGroup;
			children = (
				F62A06DE1AEC9D930042BC57 /* AVCaptureManger */,
				F62A06B41AEC9D610042BC57 /* Drpster */,
				F62A06D11AEC9D610042BC57 /* DrpsterTests */,
				F62A06E81AEC9E3F0042BC57 /* Frameworks */,
				F62A06B31AEC9D610042BC57 /* Products */,
			);
			sourceTree = "<group>";
		};
		F62A06B31AEC9D610042BC57 /* Products */ = {
			isa = PBXGroup;
			children = (
				F62A06B21AEC9D610042BC57 /* Drpster.app */,
				F62A06CE1AEC9D610042BC57 /* DrpsterTests.xctest */,
			);
			name = Products;
			sourceTree = "<group>";
		};
		F62A06B41AEC9D610042BC57 /* Drpster */ = {
			isa = PBXGroup;
			children = (
				F62A06B91AEC9D610042BC57 /* AppDelegate.h */,
				F62A06BA1AEC9D610042BC57 /* AppDelegate.m */,
				F62A06BF1AEC9D610042BC57 /* ViewController.h */,
				F62A06C01AEC9D610042BC57 /* ViewController.m */,
				F62A06F11AED7E330042BC57 /* Storyboards */,
				F64B887C1AF194FD00BF87AB /* Images */,
				F62A06BC1AEC9D610042BC57 /* Drpster.xcdatamodeld */,
				F62A06B51AEC9D610042BC57 /* Supporting Files */,
			);
			path = Drpster;
			sourceTree = "<group>";
		};
		F62A06B51AEC9D610042BC57 /* Supporting Files */ = {
			isa = PBXGroup;
			children = (
				F62A06B61AEC9D610042BC57 /* Info.plist */,
				F62A06B71AEC9D610042BC57 /* main.m */,
			);
			name = "Supporting Files";
			sourceTree = "<group>";
		};
		F62A06D11AEC9D610042BC57 /* DrpsterTests */ = {
			isa = PBXGroup;
			children = (
				F62A06D41AEC9D610042BC57 /* DrpsterTests.m */,
				F62A06D21AEC9D610042BC57 /* Supporting Files */,
			);
			path = DrpsterTests;
			sourceTree = "<group>";
		};
		F62A06D21AEC9D610042BC57 /* Supporting Files */ = {
			isa = PBXGroup;
			children = (
				F62A06D31AEC9D610042BC57 /* Info.plist */,
			);
			name = "Supporting Files";
			sourceTree = "<group>";
		};
		F62A06DE1AEC9D930042BC57 /* AVCaptureManger */ = {
			isa = PBXGroup;
			children = (
				F64B886F1AEDD87900BF87AB /* AVCaptureManager.h */,
				F64B88701AEDD87900BF87AB /* AVCaptureManager.m */,
				F62A06E91AEC9EA00042BC57 /* vendor */,
			);
			name = AVCaptureManger;
			path = Drpster;
			sourceTree = "<group>";
		};
		F62A06E81AEC9E3F0042BC57 /* Frameworks */ = {
			isa = PBXGroup;
			children = (
				F68D8DDF1AF315A700FFCFE5 /* MediaPlayer.framework */,
				F62A06F21AED84A80042BC57 /* AVFoundation.framework */,
				F62A06E61AEC9E370042BC57 /* UIKit.framework */,
				F62A06E41AEC9E310042BC57 /* CoreGraphics.framework */,
				F62A06E21AEC9E2A0042BC57 /* Foundation.framework */,
			);
			name = Frameworks;
			path = Drpster;
			sourceTree = "<group>";
		};
		F62A06E91AEC9EA00042BC57 /* vendor */ = {
			isa = PBXGroup;
			children = (
				F62A06EA1AEC9EAD0042BC57 /* SVProgressHUD */,
			);
			name = vendor;
			sourceTree = "<group>";
		};
		F62A06EA1AEC9EAD0042BC57 /* SVProgressHUD */ = {
			isa = PBXGroup;
			children = (
				F64B88721AEDD88400BF87AB /* SVProgressHUD-Prefix.pch */,
				F64B88731AEDD88400BF87AB /* SVProgressHUD.bundle */,
				F64B88741AEDD88400BF87AB /* SVProgressHUD.h */,
				F64B88751AEDD88400BF87AB /* SVProgressHUD.m */,
			);
			name = SVProgressHUD;
			sourceTree = "<group>";
		};
		F62A06F11AED7E330042BC57 /* Storyboards */ = {
			isa = PBXGroup;
			children = (
				F62A06C71AEC9D610042BC57 /* LaunchScreen.xib */,
				F62A06C21AEC9D610042BC57 /* Main.storyboard */,
			);
			name = Storyboards;
			sourceTree = "<group>";
		};
		F64B887C1AF194FD00BF87AB /* Images */ = {
			isa = PBXGroup;
			children = (
				F62A06C51AEC9D610042BC57 /* Images.xcassets */,
			);
			name = Images;
			sourceTree = "<group>";
		};
/* End PBXGroup section */

/* Begin PBXNativeTarget section */
		F62A06B11AEC9D610042BC57 /* Drpster */ = {
			isa = PBXNativeTarget;
			buildConfigurationList = F62A06D81AEC9D610042BC57 /* Build configuration list for PBXNativeTarget "Drpster" */;
			buildPhases = (
				F62A06AE1AEC9D610042BC57 /* Sources */,
				F62A06AF1AEC9D610042BC57 /* Frameworks */,
				F62A06B01AEC9D610042BC57 /* Resources */,
			);
			buildRules = (
			);
			dependencies = (
			);
			name = Drpster;
			productName = Drpster;
			productReference = F62A06B21AEC9D610042BC57 /* Drpster.app */;
			productType = "com.apple.product-type.application";
		};
		F62A06CD1AEC9D610042BC57 /* DrpsterTests */ = {
			isa = PBXNativeTarget;
			buildConfigurationList = F62A06DB1AEC9D610042BC57 /* Build configuration list for PBXNativeTarget "DrpsterTests" */;
			buildPhases = (
				F62A06CA1AEC9D610042BC57 /* Sources */,
				F62A06CB1AEC9D610042BC57 /* Frameworks */,
				F62A06CC1AEC9D610042BC57 /* Resources */,
			);
			buildRules = (
			);
			dependencies = (
				F62A06D01AEC9D610042BC57 /* PBXTargetDependency */,
			);
			name = DrpsterTests;
			productName = DrpsterTests;
			productReference = F62A06CE1AEC9D610042BC57 /* DrpsterTests.xctest */;
			productType = "com.apple.product-type.bundle.unit-test";
		};
/* End PBXNativeTarget section */

/* Begin PBXProject section */
		F62A06AA1AEC9D610042BC57 /* Project object */ = {
			isa = PBXProject;
			attributes = {
				LastUpgradeCheck = 0630;
				ORGANIZATIONNAME = "Matt Perez";
				TargetAttributes = {
					F62A06B11AEC9D610042BC57 = {
						CreatedOnToolsVersion = 6.3;
					};
					F62A06CD1AEC9D610042BC57 = {
						CreatedOnToolsVersion = 6.3;
						TestTargetID = F62A06B11AEC9D610042BC57;
					};
				};
			};
			buildConfigurationList = F62A06AD1AEC9D610042BC57 /* Build configuration list for PBXProject "Drpster" */;
			compatibilityVersion = "Xcode 3.2";
			developmentRegion = English;
			hasScannedForEncodings = 0;
			knownRegions = (
				en,
				Base,
			);
			mainGroup = F62A06A91AEC9D610042BC57;
			productRefGroup = F62A06B31AEC9D610042BC57 /* Products */;
			projectDirPath = "";
			projectRoot = "";
			targets = (
				F62A06B11AEC9D610042BC57 /* Drpster */,
				F62A06CD1AEC9D610042BC57 /* DrpsterTests */,
			);
		};
/* End PBXProject section */

/* Begin PBXResourcesBuildPhase section */
		F62A06B01AEC9D610042BC57 /* Resources */ = {
			isa = PBXResourcesBuildPhase;
			buildActionMask = 2147483647;
			files = (
				F62A06C41AEC9D610042BC57 /* Main.storyboard in Resources */,
				F62A06C91AEC9D610042BC57 /* LaunchScreen.xib in Resources */,
				F62A06C61AEC9D610042BC57 /* Images.xcassets in Resources */,
				F64B88761AEDD88400BF87AB /* SVProgressHUD.bundle in Resources */,
			);
			runOnlyForDeploymentPostprocessing = 0;
		};
		F62A06CC1AEC9D610042BC57 /* Resources */ = {
			isa = PBXResourcesBuildPhase;
			buildActionMask = 2147483647;
			files = (
			);
			runOnlyForDeploymentPostprocessing = 0;
		};
/* End PBXResourcesBuildPhase section */

/* Begin PBXSourcesBuildPhase section */
		F62A06AE1AEC9D610042BC57 /* Sources */ = {
			isa = PBXSourcesBuildPhase;
			buildActionMask = 2147483647;
			files = (
				F62A06BE1AEC9D610042BC57 /* Drpster.xcdatamodeld in Sources */,
				F62A06BB1AEC9D610042BC57 /* AppDelegate.m in Sources */,
				F62A06C11AEC9D610042BC57 /* ViewController.m in Sources */,
				F62A06B81AEC9D610042BC57 /* main.m in Sources */,
				F64B88711AEDD87900BF87AB /* AVCaptureManager.m in Sources */,
				F64B88771AEDD88400BF87AB /* SVProgressHUD.m in Sources */,
			);
			runOnlyForDeploymentPostprocessing = 0;
		};
		F62A06CA1AEC9D610042BC57 /* Sources */ = {
			isa = PBXSourcesBuildPhase;
			buildActionMask = 2147483647;
			files = (
				F62A06D51AEC9D610042BC57 /* DrpsterTests.m in Sources */,
			);
			runOnlyForDeploymentPostprocessing = 0;
		};
/* End PBXSourcesBuildPhase section */

/* Begin PBXTargetDependency section */
		F62A06D01AEC9D610042BC57 /* PBXTargetDependency */ = {
			isa = PBXTargetDependency;
			target = F62A06B11AEC9D610042BC57 /* Drpster */;
			targetProxy = F62A06CF1AEC9D610042BC57 /* PBXContainerItemProxy */;
		};
/* End PBXTargetDependency section */

/* Begin PBXVariantGroup section */
		F62A06C21AEC9D610042BC57 /* Main.storyboard */ = {
			isa = PBXVariantGroup;
			children = (
				F62A06C31AEC9D610042BC57 /* Base */,
			);
			name = Main.storyboard;
			sourceTree = "<group>";
		};
		F62A06C71AEC9D610042BC57 /* LaunchScreen.xib */ = {
			isa = PBXVariantGroup;
			children = (
				F62A06C81AEC9D610042BC57 /* Base */,
			);
			name = LaunchScreen.xib;
			sourceTree = "<group>";
		};
/* End PBXVariantGroup section */

/* Begin XCBuildConfiguration section */
		F62A06D61AEC9D610042BC57 /* Debug */ = {
			isa = XCBuildConfiguration;
			buildSettings = {
				ALWAYS_SEARCH_USER_PATHS = NO;
				CLANG_CXX_LANGUAGE_STANDARD = "gnu++0x";
				CLANG_CXX_LIBRARY = "libc++";
				CLANG_ENABLE_MODULES = YES;
				CLANG_ENABLE_OBJC_ARC = YES;
				CLANG_WARN_BOOL_CONVERSION = YES;
				CLANG_WARN_CONSTANT_CONVERSION = YES;
				CLANG_WARN_DIRECT_OBJC_ISA_USAGE = YES_ERROR;
				CLANG_WARN_EMPTY_BODY = YES;
				CLANG_WARN_ENUM_CONVERSION = YES;
				CLANG_WARN_INT_CONVERSION = YES;
				CLANG_WARN_OBJC_ROOT_CLASS = YES_ERROR;
				CLANG_WARN_UNREACHABLE_CODE = YES;
				CLANG_WARN__DUPLICATE_METHOD_MATCH = YES;
				"CODE_SIGN_IDENTITY[sdk=iphoneos*]" = "iPhone Developer";
				COPY_PHASE_STRIP = NO;
				DEBUG_INFORMATION_FORMAT = "dwarf-with-dsym";
				ENABLE_STRICT_OBJC_MSGSEND = YES;
				GCC_C_LANGUAGE_STANDARD = gnu99;
				GCC_DYNAMIC_NO_PIC = NO;
				GCC_NO_COMMON_BLOCKS = YES;
				GCC_OPTIMIZATION_LEVEL = 0;
				GCC_PREPROCESSOR_DEFINITIONS = (
					"DEBUG=1",
					"$(inherited)",
				);
				GCC_SYMBOLS_PRIVATE_EXTERN = NO;
				GCC_WARN_64_TO_32_BIT_CONVERSION = YES;
				GCC_WARN_ABOUT_RETURN_TYPE = YES_ERROR;
				GCC_WARN_UNDECLARED_SELECTOR = YES;
				GCC_WARN_UNINITIALIZED_AUTOS = YES_AGGRESSIVE;
				GCC_WARN_UNUSED_FUNCTION = YES;
				GCC_WARN_UNUSED_VARIABLE = YES;
				IPHONEOS_DEPLOYMENT_TARGET = 8.3;
				MTL_ENABLE_DEBUG_INFO = YES;
				ONLY_ACTIVE_ARCH = YES;
				SDKROOT = iphoneos;
				TARGETED_DEVICE_FAMILY = "1,2";
			};
			name = Debug;
		};
		F62A06D71AEC9D610042BC57 /* Release */ = {
			isa = XCBuildConfiguration;
			buildSettings = {
				ALWAYS_SEARCH_USER_PATHS = NO;
				CLANG_CXX_LANGUAGE_STANDARD = "gnu++0x";
				CLANG_CXX_LIBRARY = "libc++";
				CLANG_ENABLE_MODULES = YES;
				CLANG_ENABLE_OBJC_ARC = YES;
				CLANG_WARN_BOOL_CONVERSION = YES;
				CLANG_WARN_CONSTANT_CONVERSION = YES;
				CLANG_WARN_DIRECT_OBJC_ISA_USAGE = YES_ERROR;
				CLANG_WARN_EMPTY_BODY = YES;
				CLANG_WARN_ENUM_CONVERSION = YES;
				CLANG_WARN_INT_CONVERSION = YES;
				CLANG_WARN_OBJC_ROOT_CLASS = YES_ERROR;
				CLANG_WARN_UNREACHABLE_CODE = YES;
				CLANG_WARN__DUPLICATE_METHOD_MATCH = YES;
				"CODE_SIGN_IDENTITY[sdk=iphoneos*]" = "iPhone Developer";
				COPY_PHASE_STRIP = NO;
				DEBUG_INFORMATION_FORMAT = "dwarf-with-dsym";
				ENABLE_NS_ASSERTIONS = NO;
				ENABLE_STRICT_OBJC_MSGSEND = YES;
				GCC_C_LANGUAGE_STANDARD = gnu99;
				GCC_NO_COMMON_BLOCKS = YES;
				GCC_WARN_64_TO_32_BIT_CONVERSION = YES;
				GCC_WARN_ABOUT_RETURN_TYPE = YES_ERROR;
				GCC_WARN_UNDECLARED_SELECTOR = YES;
				GCC_WARN_UNINITIALIZED_AUTOS = YES_AGGRESSIVE;
				GCC_WARN_UNUSED_FUNCTION = YES;
				GCC_WARN_UNUSED_VARIABLE = YES;
				IPHONEOS_DEPLOYMENT_TARGET = 8.3;
				MTL_ENABLE_DEBUG_INFO = NO;
				SDKROOT = iphoneos;
				TARGETED_DEVICE_FAMILY = "1,2";
				VALIDATE_PRODUCT = YES;
			};
			name = Release;
		};
		F62A06D91AEC9D610042BC57 /* Debug */ = {
			isa = XCBuildConfiguration;
			buildSettings = {
				ASSETCATALOG_COMPILER_APPICON_NAME = AppIcon;
				INFOPLIST_FILE = Drpster/Info.plist;
				LD_RUNPATH_SEARCH_PATHS = "$(inherited) @executable_path/Frameworks";
				PRODUCT_NAME = "$(TARGET_NAME)";
			};
			name = Debug;
		};
		F62A06DA1AEC9D610042BC57 /* Release */ = {
			isa = XCBuildConfiguration;
			buildSettings = {
				ASSETCATALOG_COMPILER_APPICON_NAME = AppIcon;
				INFOPLIST_FILE = Drpster/Info.plist;
				LD_RUNPATH_SEARCH_PATHS = "$(inherited) @executable_path/Frameworks";
				PRODUCT_NAME = "$(TARGET_NAME)";
			};
			name = Release;
		};
		F62A06DC1AEC9D610042BC57 /* Debug */ = {
			isa = XCBuildConfiguration;
			buildSettings = {
				BUNDLE_LOADER = "$(TEST_HOST)";
				FRAMEWORK_SEARCH_PATHS = (
					"$(SDKROOT)/Developer/Library/Frameworks",
					"$(inherited)",
				);
				GCC_PREPROCESSOR_DEFINITIONS = (
					"DEBUG=1",
					"$(inherited)",
				);
				INFOPLIST_FILE = DrpsterTests/Info.plist;
				LD_RUNPATH_SEARCH_PATHS = "$(inherited) @executable_path/Frameworks @loader_path/Frameworks";
				PRODUCT_NAME = "$(TARGET_NAME)";
				TEST_HOST = "$(BUILT_PRODUCTS_DIR)/Drpster.app/Drpster";
			};
			name = Debug;
		};
		F62A06DD1AEC9D610042BC57 /* Release */ = {
			isa = XCBuildConfiguration;
			buildSettings = {
				BUNDLE_LOADER = "$(TEST_HOST)";
				FRAMEWORK_SEARCH_PATHS = (
					"$(SDKROOT)/Developer/Library/Frameworks",
					"$(inherited)",
				);
				INFOPLIST_FILE = DrpsterTests/Info.plist;
				LD_RUNPATH_SEARCH_PATHS = "$(inherited) @executable_path/Frameworks @loader_path/Frameworks";
				PRODUCT_NAME = "$(TARGET_NAME)";
				TEST_HOST = "$(BUILT_PRODUCTS_DIR)/Drpster.app/Drpster";
			};
			name = Release;
		};
/* End XCBuildConfiguration section */

/* Begin XCConfigurationList section */
		F62A06AD1AEC9D610042BC57 /* Build configuration list for PBXProject "Drpster" */ = {
			isa = XCConfigurationList;
			buildConfigurations = (
				F62A06D61AEC9D610042BC57 /* Debug */,
				F62A06D71AEC9D610042BC57 /* Release */,
			);
			defaultConfigurationIsVisible = 0;
			defaultConfigurationName = Release;
		};
		F62A06D81AEC9D610042BC57 /* Build configuration list for PBXNativeTarget "Drpster" */ = {
			isa = XCConfigurationList;
			buildConfigurations = (
				F62A06D91AEC9D610042BC57 /* Debug */,
				F62A06DA1AEC9D610042BC57 /* Release */,
			);
			defaultConfigurationIsVisible = 0;
			defaultConfigurationName = Release;
		};
		F62A06DB1AEC9D610042BC57 /* Build configuration list for PBXNativeTarget "DrpsterTests" */ = {
			isa = XCConfigurationList;
			buildConfigurations = (
				F62A06DC1AEC9D610042BC57 /* Debug */,
				F62A06DD1AEC9D610042BC57 /* Release */,
			);
			defaultConfigurationIsVisible = 0;
			defaultConfigurationName = Release;
		};
/* End XCConfigurationList section */

/* Begin XCVersionGroup section */
		F62A06BC1AEC9D610042BC57 /* Drpster.xcdatamodeld */ = {
			isa = XCVersionGroup;
			children = (
				F62A06BD1AEC9D610042BC57 /* Drpster.xcdatamodel */,
			);
			currentVersion = F62A06BD1AEC9D610042BC57 /* Drpster.xcdatamodel */;
			path = Drpster.xcdatamodeld;
			sourceTree = "<group>";
			versionGroupType = wrapper.xcdatamodel;
		};
/* End XCVersionGroup section */
	};
	rootObject = F62A06AA1AEC9D610042BC57 /* Project object */;
}
